// !$*UTF8*$!
{
	archiveVersion = 1;
	classes = {
	};
	objectVersion = 56;
	objects = {

/* Begin PBXBuildFile section */
		04C59C0C2B71DE4E009FAB22 /* SwiftUIStarterSelfPracticeApp.swift in Sources */ = {isa = PBXBuildFile; fileRef = 04C59C0B2B71DE4E009FAB22 /* SwiftUIStarterSelfPracticeApp.swift */; };
		04C59C0E2B71DE4E009FAB22 /* ContentView.swift in Sources */ = {isa = PBXBuildFile; fileRef = 04C59C0D2B71DE4E009FAB22 /* ContentView.swift */; };
		04C59C102B71DE52009FAB22 /* Assets.xcassets in Resources */ = {isa = PBXBuildFile; fileRef = 04C59C0F2B71DE52009FAB22 /* Assets.xcassets */; };
		04C59C132B71DE52009FAB22 /* Preview Assets.xcassets in Resources */ = {isa = PBXBuildFile; fileRef = 04C59C122B71DE52009FAB22 /* Preview Assets.xcassets */; };
		04C59C1D2B71DE52009FAB22 /* SwiftUIStarterSelfPracticeTests.swift in Sources */ = {isa = PBXBuildFile; fileRef = 04C59C1C2B71DE52009FAB22 /* SwiftUIStarterSelfPracticeTests.swift */; };
		04C59C272B71DE52009FAB22 /* SwiftUIStarterSelfPracticeUITests.swift in Sources */ = {isa = PBXBuildFile; fileRef = 04C59C262B71DE52009FAB22 /* SwiftUIStarterSelfPracticeUITests.swift */; };
		04C59C292B71DE52009FAB22 /* SwiftUIStarterSelfPracticeUITestsLaunchTests.swift in Sources */ = {isa = PBXBuildFile; fileRef = 04C59C282B71DE52009FAB22 /* SwiftUIStarterSelfPracticeUITestsLaunchTests.swift */; };
/* End PBXBuildFile section */

/* Begin PBXContainerItemProxy section */
		04C59C192B71DE52009FAB22 /* PBXContainerItemProxy */ = {
			isa = PBXContainerItemProxy;
			containerPortal = 04C59C002B71DE4E009FAB22 /* Project object */;
			proxyType = 1;
			remoteGlobalIDString = 04C59C072B71DE4E009FAB22;
			remoteInfo = SwiftUIStarterSelfPractice;
		};
		04C59C232B71DE52009FAB22 /* PBXContainerItemProxy */ = {
			isa = PBXContainerItemProxy;
			containerPortal = 04C59C002B71DE4E009FAB22 /* Project object */;
			proxyType = 1;
			remoteGlobalIDString = 04C59C072B71DE4E009FAB22;
			remoteInfo = SwiftUIStarterSelfPractice;
		};
/* End PBXContainerItemProxy section */

/* Begin PBXFileReference section */
		04C59C082B71DE4E009FAB22 /* SwiftUIStarterSelfPractice.app */ = {isa = PBXFileReference; explicitFileType = wrapper.application; includeInIndex = 0; path = SwiftUIStarterSelfPractice.app; sourceTree = BUILT_PRODUCTS_DIR; };
		04C59C0B2B71DE4E009FAB22 /* SwiftUIStarterSelfPracticeApp.swift */ = {isa = PBXFileReference; lastKnownFileType = sourcecode.swift; path = SwiftUIStarterSelfPracticeApp.swift; sourceTree = "<group>"; };
		04C59C0D2B71DE4E009FAB22 /* ContentView.swift */ = {isa = PBXFileReference; lastKnownFileType = sourcecode.swift; path = ContentView.swift; sourceTree = "<group>"; };
		04C59C0F2B71DE52009FAB22 /* Assets.xcassets */ = {isa = PBXFileReference; lastKnownFileType = folder.assetcatalog; path = Assets.xcassets; sourceTree = "<group>"; };
		04C59C122B71DE52009FAB22 /* Preview Assets.xcassets */ = {isa = PBXFileReference; lastKnownFileType = folder.assetcatalog; path = "Preview Assets.xcassets"; sourceTree = "<group>"; };
		04C59C182B71DE52009FAB22 /* SwiftUIStarterSelfPracticeTests.xctest */ = {isa = PBXFileReference; explicitFileType = wrapper.cfbundle; includeInIndex = 0; path = SwiftUIStarterSelfPracticeTests.xctest; sourceTree = BUILT_PRODUCTS_DIR; };
		04C59C1C2B71DE52009FAB22 /* SwiftUIStarterSelfPracticeTests.swift */ = {isa = PBXFileReference; lastKnownFileType = sourcecode.swift; path = SwiftUIStarterSelfPracticeTests.swift; sourceTree = "<group>"; };
		04C59C222B71DE52009FAB22 /* SwiftUIStarterSelfPracticeUITests.xctest */ = {isa = PBXFileReference; explicitFileType = wrapper.cfbundle; includeInIndex = 0; path = SwiftUIStarterSelfPracticeUITests.xctest; sourceTree = BUILT_PRODUCTS_DIR; };
		04C59C262B71DE52009FAB22 /* SwiftUIStarterSelfPracticeUITests.swift */ = {isa = PBXFileReference; lastKnownFileType = sourcecode.swift; path = SwiftUIStarterSelfPracticeUITests.swift; sourceTree = "<group>"; };
		04C59C282B71DE52009FAB22 /* SwiftUIStarterSelfPracticeUITestsLaunchTests.swift */ = {isa = PBXFileReference; lastKnownFileType = sourcecode.swift; path = SwiftUIStarterSelfPracticeUITestsLaunchTests.swift; sourceTree = "<group>"; };
/* End PBXFileReference section */

/* Begin PBXFrameworksBuildPhase section */
		04C59C052B71DE4E009FAB22 /* Frameworks */ = {
			isa = PBXFrameworksBuildPhase;
			buildActionMask = 2147483647;
			files = (
			);
			runOnlyForDeploymentPostprocessing = 0;
		};
		04C59C152B71DE52009FAB22 /* Frameworks */ = {
			isa = PBXFrameworksBuildPhase;
			buildActionMask = 2147483647;
			files = (
			);
			runOnlyForDeploymentPostprocessing = 0;
		};
		04C59C1F2B71DE52009FAB22 /* Frameworks */ = {
			isa = PBXFrameworksBuildPhase;
			buildActionMask = 2147483647;
			files = (
			);
			runOnlyForDeploymentPostprocessing = 0;
		};
/* End PBXFrameworksBuildPhase section */

/* Begin PBXGroup section */
		04C59BFF2B71DE4E009FAB22 = {
			isa = PBXGroup;
			children = (
				04C59C0A2B71DE4E009FAB22 /* SwiftUIStarterSelfPractice */,
				04C59C1B2B71DE52009FAB22 /* SwiftUIStarterSelfPracticeTests */,
				04C59C252B71DE52009FAB22 /* SwiftUIStarterSelfPracticeUITests */,
				04C59C092B71DE4E009FAB22 /* Products */,
			);
			sourceTree = "<group>";
		};
		04C59C092B71DE4E009FAB22 /* Products */ = {
			isa = PBXGroup;
			children = (
				04C59C082B71DE4E009FAB22 /* SwiftUIStarterSelfPractice.app */,
				04C59C182B71DE52009FAB22 /* SwiftUIStarterSelfPracticeTests.xctest */,
				04C59C222B71DE52009FAB22 /* SwiftUIStarterSelfPracticeUITests.xctest */,
			);
			name = Products;
			sourceTree = "<group>";
		};
		04C59C0A2B71DE4E009FAB22 /* SwiftUIStarterSelfPractice */ = {
			isa = PBXGroup;
			children = (
				04C59C0B2B71DE4E009FAB22 /* SwiftUIStarterSelfPracticeApp.swift */,
				04C59C0D2B71DE4E009FAB22 /* ContentView.swift */,
				04C59C0F2B71DE52009FAB22 /* Assets.xcassets */,
				04C59C112B71DE52009FAB22 /* Preview Content */,
			);
			path = SwiftUIStarterSelfPractice;
			sourceTree = "<group>";
		};
		04C59C112B71DE52009FAB22 /* Preview Content */ = {
			isa = PBXGroup;
			children = (
				04C59C122B71DE52009FAB22 /* Preview Assets.xcassets */,
			);
			path = "Preview Content";
			sourceTree = "<group>";
		};
		04C59C1B2B71DE52009FAB22 /* SwiftUIStarterSelfPracticeTests */ = {
			isa = PBXGroup;
			children = (
				04C59C1C2B71DE52009FAB22 /* SwiftUIStarterSelfPracticeTests.swift */,
			);
			path = SwiftUIStarterSelfPracticeTests;
			sourceTree = "<group>";
		};
		04C59C252B71DE52009FAB22 /* SwiftUIStarterSelfPracticeUITests */ = {
			isa = PBXGroup;
			children = (
				04C59C262B71DE52009FAB22 /* SwiftUIStarterSelfPracticeUITests.swift */,
				04C59C282B71DE52009FAB22 /* SwiftUIStarterSelfPracticeUITestsLaunchTests.swift */,
			);
			path = SwiftUIStarterSelfPracticeUITests;
			sourceTree = "<group>";
		};
/* End PBXGroup section */

/* Begin PBXNativeTarget section */
		04C59C072B71DE4E009FAB22 /* SwiftUIStarterSelfPractice */ = {
			isa = PBXNativeTarget;
			buildConfigurationList = 04C59C2C2B71DE52009FAB22 /* Build configuration list for PBXNativeTarget "SwiftUIStarterSelfPractice" */;
			buildPhases = (
				04C59C042B71DE4E009FAB22 /* Sources */,
				04C59C052B71DE4E009FAB22 /* Frameworks */,
				04C59C062B71DE4E009FAB22 /* Resources */,
			);
			buildRules = (
			);
			dependencies = (
			);
			name = SwiftUIStarterSelfPractice;
			productName = SwiftUIStarterSelfPractice;
			productReference = 04C59C082B71DE4E009FAB22 /* SwiftUIStarterSelfPractice.app */;
			productType = "com.apple.product-type.application";
		};
		04C59C172B71DE52009FAB22 /* SwiftUIStarterSelfPracticeTests */ = {
			isa = PBXNativeTarget;
			buildConfigurationList = 04C59C2F2B71DE52009FAB22 /* Build configuration list for PBXNativeTarget "SwiftUIStarterSelfPracticeTests" */;
			buildPhases = (
				04C59C142B71DE52009FAB22 /* Sources */,
				04C59C152B71DE52009FAB22 /* Frameworks */,
				04C59C162B71DE52009FAB22 /* Resources */,
			);
			buildRules = (
			);
			dependencies = (
				04C59C1A2B71DE52009FAB22 /* PBXTargetDependency */,
			);
			name = SwiftUIStarterSelfPracticeTests;
			productName = SwiftUIStarterSelfPracticeTests;
			productReference = 04C59C182B71DE52009FAB22 /* SwiftUIStarterSelfPracticeTests.xctest */;
			productType = "com.apple.product-type.bundle.unit-test";
		};
		04C59C212B71DE52009FAB22 /* SwiftUIStarterSelfPracticeUITests */ = {
			isa = PBXNativeTarget;
			buildConfigurationList = 04C59C322B71DE52009FAB22 /* Build configuration list for PBXNativeTarget "SwiftUIStarterSelfPracticeUITests" */;
			buildPhases = (
				04C59C1E2B71DE52009FAB22 /* Sources */,
				04C59C1F2B71DE52009FAB22 /* Frameworks */,
				04C59C202B71DE52009FAB22 /* Resources */,
			);
			buildRules = (
			);
			dependencies = (
				04C59C242B71DE52009FAB22 /* PBXTargetDependency */,
			);
			name = SwiftUIStarterSelfPracticeUITests;
			productName = SwiftUIStarterSelfPracticeUITests;
			productReference = 04C59C222B71DE52009FAB22 /* SwiftUIStarterSelfPracticeUITests.xctest */;
			productType = "com.apple.product-type.bundle.ui-testing";
		};
/* End PBXNativeTarget section */

/* Begin PBXProject section */
		04C59C002B71DE4E009FAB22 /* Project object */ = {
			isa = PBXProject;
			attributes = {
				BuildIndependentTargetsInParallel = 1;
				LastSwiftUpdateCheck = 1500;
				LastUpgradeCheck = 1500;
				TargetAttributes = {
					04C59C072B71DE4E009FAB22 = {
						CreatedOnToolsVersion = 15.0.1;
					};
					04C59C172B71DE52009FAB22 = {
						CreatedOnToolsVersion = 15.0.1;
						TestTargetID = 04C59C072B71DE4E009FAB22;
					};
					04C59C212B71DE52009FAB22 = {
						CreatedOnToolsVersion = 15.0.1;
						TestTargetID = 04C59C072B71DE4E009FAB22;
					};
				};
			};
			buildConfigurationList = 04C59C032B71DE4E009FAB22 /* Build configuration list for PBXProject "SwiftUIStarterSelfPractice" */;
			compatibilityVersion = "Xcode 14.0";
			developmentRegion = en;
			hasScannedForEncodings = 0;
			knownRegions = (
				en,
				Base,
			);
			mainGroup = 04C59BFF2B71DE4E009FAB22;
			productRefGroup = 04C59C092B71DE4E009FAB22 /* Products */;
			projectDirPath = "";
			projectRoot = "";
			targets = (
				04C59C072B71DE4E009FAB22 /* SwiftUIStarterSelfPractice */,
				04C59C172B71DE52009FAB22 /* SwiftUIStarterSelfPracticeTests */,
				04C59C212B71DE52009FAB22 /* SwiftUIStarterSelfPracticeUITests */,
			);
		};
/* End PBXProject section */

/* Begin PBXResourcesBuildPhase section */
		04C59C062B71DE4E009FAB22 /* Resources */ = {
			isa = PBXResourcesBuildPhase;
			buildActionMask = 2147483647;
			files = (
				04C59C132B71DE52009FAB22 /* Preview Assets.xcassets in Resources */,
				04C59C102B71DE52009FAB22 /* Assets.xcassets in Resources */,
			);
			runOnlyForDeploymentPostprocessing = 0;
		};
		04C59C162B71DE52009FAB22 /* Resources */ = {
			isa = PBXResourcesBuildPhase;
			buildActionMask = 2147483647;
			files = (
			);
			runOnlyForDeploymentPostprocessing = 0;
		};
		04C59C202B71DE52009FAB22 /* Resources */ = {
			isa = PBXResourcesBuildPhase;
			buildActionMask = 2147483647;
			files = (
			);
			runOnlyForDeploymentPostprocessing = 0;
		};
/* End PBXResourcesBuildPhase section */

/* Begin PBXSourcesBuildPhase section */
		04C59C042B71DE4E009FAB22 /* Sources */ = {
			isa = PBXSourcesBuildPhase;
			buildActionMask = 2147483647;
			files = (
				04C59C0E2B71DE4E009FAB22 /* ContentView.swift in Sources */,
				04C59C0C2B71DE4E009FAB22 /* SwiftUIStarterSelfPracticeApp.swift in Sources */,
			);
			runOnlyForDeploymentPostprocessing = 0;
		};
		04C59C142B71DE52009FAB22 /* Sources */ = {
			isa = PBXSourcesBuildPhase;
			buildActionMask = 2147483647;
			files = (
				04C59C1D2B71DE52009FAB22 /* SwiftUIStarterSelfPracticeTests.swift in Sources */,
			);
			runOnlyForDeploymentPostprocessing = 0;
		};
		04C59C1E2B71DE52009FAB22 /* Sources */ = {
			isa = PBXSourcesBuildPhase;
			buildActionMask = 2147483647;
			files = (
				04C59C272B71DE52009FAB22 /* SwiftUIStarterSelfPracticeUITests.swift in Sources */,
				04C59C292B71DE52009FAB22 /* SwiftUIStarterSelfPracticeUITestsLaunchTests.swift in Sources */,
			);
			runOnlyForDeploymentPostprocessing = 0;
		};
/* End PBXSourcesBuildPhase section */

/* Begin PBXTargetDependency section */
		04C59C1A2B71DE52009FAB22 /* PBXTargetDependency */ = {
			isa = PBXTargetDependency;
			target = 04C59C072B71DE4E009FAB22 /* SwiftUIStarterSelfPractice */;
			targetProxy = 04C59C192B71DE52009FAB22 /* PBXContainerItemProxy */;
		};
		04C59C242B71DE52009FAB22 /* PBXTargetDependency */ = {
			isa = PBXTargetDependency;
			target = 04C59C072B71DE4E009FAB22 /* SwiftUIStarterSelfPractice */;
			targetProxy = 04C59C232B71DE52009FAB22 /* PBXContainerItemProxy */;
		};
/* End PBXTargetDependency section */

/* Begin XCBuildConfiguration section */
		04C59C2A2B71DE52009FAB22 /* Debug */ = {
			isa = XCBuildConfiguration;
			buildSettings = {
				ALWAYS_SEARCH_USER_PATHS = NO;
				ASSETCATALOG_COMPILER_GENERATE_SWIFT_ASSET_SYMBOL_EXTENSIONS = YES;
				CLANG_ANALYZER_NONNULL = YES;
				CLANG_ANALYZER_NUMBER_OBJECT_CONVERSION = YES_AGGRESSIVE;
				CLANG_CXX_LANGUAGE_STANDARD = "gnu++20";
				CLANG_ENABLE_MODULES = YES;
				CLANG_ENABLE_OBJC_ARC = YES;
				CLANG_ENABLE_OBJC_WEAK = YES;
				CLANG_WARN_BLOCK_CAPTURE_AUTORELEASING = YES;
				CLANG_WARN_BOOL_CONVERSION = YES;
				CLANG_WARN_COMMA = YES;
				CLANG_WARN_CONSTANT_CONVERSION = YES;
				CLANG_WARN_DEPRECATED_OBJC_IMPLEMENTATIONS = YES;
				CLANG_WARN_DIRECT_OBJC_ISA_USAGE = YES_ERROR;
				CLANG_WARN_DOCUMENTATION_COMMENTS = YES;
				CLANG_WARN_EMPTY_BODY = YES;
				CLANG_WARN_ENUM_CONVERSION = YES;
				CLANG_WARN_INFINITE_RECURSION = YES;
				CLANG_WARN_INT_CONVERSION = YES;
				CLANG_WARN_NON_LITERAL_NULL_CONVERSION = YES;
				CLANG_WARN_OBJC_IMPLICIT_RETAIN_SELF = YES;
				CLANG_WARN_OBJC_LITERAL_CONVERSION = YES;
				CLANG_WARN_OBJC_ROOT_CLASS = YES_ERROR;
				CLANG_WARN_QUOTED_INCLUDE_IN_FRAMEWORK_HEADER = YES;
				CLANG_WARN_RANGE_LOOP_ANALYSIS = YES;
				CLANG_WARN_STRICT_PROTOTYPES = YES;
				CLANG_WARN_SUSPICIOUS_MOVE = YES;
				CLANG_WARN_UNGUARDED_AVAILABILITY = YES_AGGRESSIVE;
				CLANG_WARN_UNREACHABLE_CODE = YES;
				CLANG_WARN__DUPLICATE_METHOD_MATCH = YES;
				COPY_PHASE_STRIP = NO;
				DEBUG_INFORMATION_FORMAT = dwarf;
				ENABLE_STRICT_OBJC_MSGSEND = YES;
				ENABLE_TESTABILITY = YES;
				ENABLE_USER_SCRIPT_SANDBOXING = YES;
				GCC_C_LANGUAGE_STANDARD = gnu17;
				GCC_DYNAMIC_NO_PIC = NO;
				GCC_NO_COMMON_BLOCKS = YES;
				GCC_OPTIMIZATION_LEVEL = 0;
				GCC_PREPROCESSOR_DEFINITIONS = (
					"DEBUG=1",
					"$(inherited)",
				);
				GCC_WARN_64_TO_32_BIT_CONVERSION = YES;
				GCC_WARN_ABOUT_RETURN_TYPE = YES_ERROR;
				GCC_WARN_UNDECLARED_SELECTOR = YES;
				GCC_WARN_UNINITIALIZED_AUTOS = YES_AGGRESSIVE;
				GCC_WARN_UNUSED_FUNCTION = YES;
				GCC_WARN_UNUSED_VARIABLE = YES;
				IPHONEOS_DEPLOYMENT_TARGET = 17.0;
				LOCALIZATION_PREFERS_STRING_CATALOGS = YES;
				MTL_ENABLE_DEBUG_INFO = INCLUDE_SOURCE;
				MTL_FAST_MATH = YES;
				ONLY_ACTIVE_ARCH = YES;
				SDKROOT = iphoneos;
				SWIFT_ACTIVE_COMPILATION_CONDITIONS = "DEBUG $(inherited)";
				SWIFT_OPTIMIZATION_LEVEL = "-Onone";
			};
			name = Debug;
		};
		04C59C2B2B71DE52009FAB22 /* Release */ = {
			isa = XCBuildConfiguration;
			buildSettings = {
				ALWAYS_SEARCH_USER_PATHS = NO;
				ASSETCATALOG_COMPILER_GENERATE_SWIFT_ASSET_SYMBOL_EXTENSIONS = YES;
				CLANG_ANALYZER_NONNULL = YES;
				CLANG_ANALYZER_NUMBER_OBJECT_CONVERSION = YES_AGGRESSIVE;
				CLANG_CXX_LANGUAGE_STANDARD = "gnu++20";
				CLANG_ENABLE_MODULES = YES;
				CLANG_ENABLE_OBJC_ARC = YES;
				CLANG_ENABLE_OBJC_WEAK = YES;
				CLANG_WARN_BLOCK_CAPTURE_AUTORELEASING = YES;
				CLANG_WARN_BOOL_CONVERSION = YES;
				CLANG_WARN_COMMA = YES;
				CLANG_WARN_CONSTANT_CONVERSION = YES;
				CLANG_WARN_DEPRECATED_OBJC_IMPLEMENTATIONS = YES;
				CLANG_WARN_DIRECT_OBJC_ISA_USAGE = YES_ERROR;
				CLANG_WARN_DOCUMENTATION_COMMENTS = YES;
				CLANG_WARN_EMPTY_BODY = YES;
				CLANG_WARN_ENUM_CONVERSION = YES;
				CLANG_WARN_INFINITE_RECURSION = YES;
				CLANG_WARN_INT_CONVERSION = YES;
				CLANG_WARN_NON_LITERAL_NULL_CONVERSION = YES;
				CLANG_WARN_OBJC_IMPLICIT_RETAIN_SELF = YES;
				CLANG_WARN_OBJC_LITERAL_CONVERSION = YES;
				CLANG_WARN_OBJC_ROOT_CLASS = YES_ERROR;
				CLANG_WARN_QUOTED_INCLUDE_IN_FRAMEWORK_HEADER = YES;
				CLANG_WARN_RANGE_LOOP_ANALYSIS = YES;
				CLANG_WARN_STRICT_PROTOTYPES = YES;
				CLANG_WARN_SUSPICIOUS_MOVE = YES;
				CLANG_WARN_UNGUARDED_AVAILABILITY = YES_AGGRESSIVE;
				CLANG_WARN_UNREACHABLE_CODE = YES;
				CLANG_WARN__DUPLICATE_METHOD_MATCH = YES;
				COPY_PHASE_STRIP = NO;
				DEBUG_INFORMATION_FORMAT = "dwarf-with-dsym";
				ENABLE_NS_ASSERTIONS = NO;
				ENABLE_STRICT_OBJC_MSGSEND = YES;
				ENABLE_USER_SCRIPT_SANDBOXING = YES;
				GCC_C_LANGUAGE_STANDARD = gnu17;
				GCC_NO_COMMON_BLOCKS = YES;
				GCC_WARN_64_TO_32_BIT_CONVERSION = YES;
				GCC_WARN_ABOUT_RETURN_TYPE = YES_ERROR;
				GCC_WARN_UNDECLARED_SELECTOR = YES;
				GCC_WARN_UNINITIALIZED_AUTOS = YES_AGGRESSIVE;
				GCC_WARN_UNUSED_FUNCTION = YES;
				GCC_WARN_UNUSED_VARIABLE = YES;
				IPHONEOS_DEPLOYMENT_TARGET = 17.0;
				LOCALIZATION_PREFERS_STRING_CATALOGS = YES;
				MTL_ENABLE_DEBUG_INFO = NO;
				MTL_FAST_MATH = YES;
				SDKROOT = iphoneos;
				SWIFT_COMPILATION_MODE = wholemodule;
				VALIDATE_PRODUCT = YES;
			};
			name = Release;
		};
		04C59C2D2B71DE52009FAB22 /* Debug */ = {
			isa = XCBuildConfiguration;
			buildSettings = {
				ASSETCATALOG_COMPILER_APPICON_NAME = AppIcon;
				ASSETCATALOG_COMPILER_GLOBAL_ACCENT_COLOR_NAME = AccentColor;
				CODE_SIGN_STYLE = Automatic;
				CURRENT_PROJECT_VERSION = 1;
				DEVELOPMENT_ASSET_PATHS = "\"SwiftUIStarterSelfPractice/Preview Content\"";
				ENABLE_PREVIEWS = YES;
				GENERATE_INFOPLIST_FILE = YES;
				INFOPLIST_KEY_UIApplicationSceneManifest_Generation = YES;
				INFOPLIST_KEY_UIApplicationSupportsIndirectInputEvents = YES;
				INFOPLIST_KEY_UILaunchScreen_Generation = YES;
				INFOPLIST_KEY_UISupportedInterfaceOrientations_iPad = "UIInterfaceOrientationPortrait UIInterfaceOrientationPortraitUpsideDown UIInterfaceOrientationLandscapeLeft UIInterfaceOrientationLandscapeRight";
				INFOPLIST_KEY_UISupportedInterfaceOrientations_iPhone = "UIInterfaceOrientationPortrait UIInterfaceOrientationLandscapeLeft UIInterfaceOrientationLandscapeRight";
				LD_RUNPATH_SEARCH_PATHS = (
					"$(inherited)",
					"@executable_path/Frameworks",
				);
				MARKETING_VERSION = 1.0;
				PRODUCT_BUNDLE_IDENTIFIER = com.dkteam.SwiftUIStarterSelfPractice;
				PRODUCT_NAME = "$(TARGET_NAME)";
				SWIFT_EMIT_LOC_STRINGS = YES;
				SWIFT_VERSION = 5.0;
				TARGETED_DEVICE_FAMILY = "1,2";
			};
			name = Debug;
		};
		04C59C2E2B71DE52009FAB22 /* Release */ = {
			isa = XCBuildConfiguration;
			buildSettings = {
				ASSETCATALOG_COMPILER_APPICON_NAME = AppIcon;
				ASSETCATALOG_COMPILER_GLOBAL_ACCENT_COLOR_NAME = AccentColor;
				CODE_SIGN_STYLE = Automatic;
				CURRENT_PROJECT_VERSION = 1;
				DEVELOPMENT_ASSET_PATHS = "\"SwiftUIStarterSelfPractice/Preview Content\"";
				ENABLE_PREVIEWS = YES;
				GENERATE_INFOPLIST_FILE = YES;
				INFOPLIST_KEY_UIApplicationSceneManifest_Generation = YES;
				INFOPLIST_KEY_UIApplicationSupportsIndirectInputEvents = YES;
				INFOPLIST_KEY_UILaunchScreen_Generation = YES;
				INFOPLIST_KEY_UISupportedInterfaceOrientations_iPad = "UIInterfaceOrientationPortrait UIInterfaceOrientationPortraitUpsideDown UIInterfaceOrientationLandscapeLeft UIInterfaceOrientationLandscapeRight";
				INFOPLIST_KEY_UISupportedInterfaceOrientations_iPhone = "UIInterfaceOrientationPortrait UIInterfaceOrientationLandscapeLeft UIInterfaceOrientationLandscapeRight";
				LD_RUNPATH_SEARCH_PATHS = (
					"$(inherited)",
					"@executable_path/Frameworks",
				);
				MARKETING_VERSION = 1.0;
				PRODUCT_BUNDLE_IDENTIFIER = com.dkteam.SwiftUIStarterSelfPractice;
				PRODUCT_NAME = "$(TARGET_NAME)";
				SWIFT_EMIT_LOC_STRINGS = YES;
				SWIFT_VERSION = 5.0;
				TARGETED_DEVICE_FAMILY = "1,2";
			};
			name = Release;
		};
		04C59C302B71DE52009FAB22 /* Debug */ = {
			isa = XCBuildConfiguration;
			buildSettings = {
				ALWAYS_EMBED_SWIFT_STANDARD_LIBRARIES = YES;
				BUNDLE_LOADER = "$(TEST_HOST)";
				CODE_SIGN_STYLE = Automatic;
				CURRENT_PROJECT_VERSION = 1;
				GENERATE_INFOPLIST_FILE = YES;
				IPHONEOS_DEPLOYMENT_TARGET = 17.0;
				MARKETING_VERSION = 1.0;
				PRODUCT_BUNDLE_IDENTIFIER = com.dkteam.SwiftUIStarterSelfPracticeTests;
				PRODUCT_NAME = "$(TARGET_NAME)";
				SWIFT_EMIT_LOC_STRINGS = NO;
				SWIFT_VERSION = 5.0;
				TARGETED_DEVICE_FAMILY = "1,2";
				TEST_HOST = "$(BUILT_PRODUCTS_DIR)/SwiftUIStarterSelfPractice.app/$(BUNDLE_EXECUTABLE_FOLDER_PATH)/SwiftUIStarterSelfPractice";
			};
			name = Debug;
		};
		04C59C312B71DE52009FAB22 /* Release */ = {
			isa = XCBuildConfiguration;
			buildSettings = {
				ALWAYS_EMBED_SWIFT_STANDARD_LIBRARIES = YES;
				BUNDLE_LOADER = "$(TEST_HOST)";
				CODE_SIGN_STYLE = Automatic;
				CURRENT_PROJECT_VERSION = 1;
				GENERATE_INFOPLIST_FILE = YES;
				IPHONEOS_DEPLOYMENT_TARGET = 17.0;
				MARKETING_VERSION = 1.0;
				PRODUCT_BUNDLE_IDENTIFIER = com.dkteam.SwiftUIStarterSelfPracticeTests;
				PRODUCT_NAME = "$(TARGET_NAME)";
				SWIFT_EMIT_LOC_STRINGS = NO;
				SWIFT_VERSION = 5.0;
				TARGETED_DEVICE_FAMILY = "1,2";
				TEST_HOST = "$(BUILT_PRODUCTS_DIR)/SwiftUIStarterSelfPractice.app/$(BUNDLE_EXECUTABLE_FOLDER_PATH)/SwiftUIStarterSelfPractice";
			};
			name = Release;
		};
		04C59C332B71DE52009FAB22 /* Debug */ = {
			isa = XCBuildConfiguration;
			buildSettings = {
				ALWAYS_EMBED_SWIFT_STANDARD_LIBRARIES = YES;
				CODE_SIGN_STYLE = Automatic;
				CURRENT_PROJECT_VERSION = 1;
				GENERATE_INFOPLIST_FILE = YES;
				MARKETING_VERSION = 1.0;
				PRODUCT_BUNDLE_IDENTIFIER = com.dkteam.SwiftUIStarterSelfPracticeUITests;
				PRODUCT_NAME = "$(TARGET_NAME)";
				SWIFT_EMIT_LOC_STRINGS = NO;
				SWIFT_VERSION = 5.0;
				TARGETED_DEVICE_FAMILY = "1,2";
				TEST_TARGET_NAME = SwiftUIStarterSelfPractice;
			};
			name = Debug;
		};
		04C59C342B71DE52009FAB22 /* Release */ = {
			isa = XCBuildConfiguration;
			buildSettings = {
				ALWAYS_EMBED_SWIFT_STANDARD_LIBRARIES = YES;
				CODE_SIGN_STYLE = Automatic;
				CURRENT_PROJECT_VERSION = 1;
				GENERATE_INFOPLIST_FILE = YES;
				MARKETING_VERSION = 1.0;
				PRODUCT_BUNDLE_IDENTIFIER = com.dkteam.SwiftUIStarterSelfPracticeUITests;
				PRODUCT_NAME = "$(TARGET_NAME)";
				SWIFT_EMIT_LOC_STRINGS = NO;
				SWIFT_VERSION = 5.0;
				TARGETED_DEVICE_FAMILY = "1,2";
				TEST_TARGET_NAME = SwiftUIStarterSelfPractice;
			};
			name = Release;
		};
/* End XCBuildConfiguration section */

/* Begin XCConfigurationList section */
		04C59C032B71DE4E009FAB22 /* Build configuration list for PBXProject "SwiftUIStarterSelfPractice" */ = {
			isa = XCConfigurationList;
			buildConfigurations = (
				04C59C2A2B71DE52009FAB22 /* Debug */,
				04C59C2B2B71DE52009FAB22 /* Release */,
			);
			defaultConfigurationIsVisible = 0;
			defaultConfigurationName = Release;
		};
		04C59C2C2B71DE52009FAB22 /* Build configuration list for PBXNativeTarget "SwiftUIStarterSelfPractice" */ = {
			isa = XCConfigurationList;
			buildConfigurations = (
				04C59C2D2B71DE52009FAB22 /* Debug */,
				04C59C2E2B71DE52009FAB22 /* Release */,
			);
			defaultConfigurationIsVisible = 0;
			defaultConfigurationName = Release;
		};
		04C59C2F2B71DE52009FAB22 /* Build configuration list for PBXNativeTarget "SwiftUIStarterSelfPracticeTests" */ = {
			isa = XCConfigurationList;
			buildConfigurations = (
				04C59C302B71DE52009FAB22 /* Debug */,
				04C59C312B71DE52009FAB22 /* Release */,
			);
			defaultConfigurationIsVisible = 0;
			defaultConfigurationName = Release;
		};
		04C59C322B71DE52009FAB22 /* Build configuration list for PBXNativeTarget "SwiftUIStarterSelfPracticeUITests" */ = {
			isa = XCConfigurationList;
			buildConfigurations = (
				04C59C332B71DE52009FAB22 /* Debug */,
				04C59C342B71DE52009FAB22 /* Release */,
			);
			defaultConfigurationIsVisible = 0;
			defaultConfigurationName = Release;
		};
/* End XCConfigurationList section */
	};
	rootObject = 04C59C002B71DE4E009FAB22 /* Project object */;
}
